[[package]]
name = "argparse"
version = "0.2.1"
source = "registry+https://github.com/rust-lang/crates.io-index"

[[package]]
name = "glob"
version = "0.2.11"
source = "registry+https://github.com/rust-lang/crates.io-index"

[[package]]
name = "react-redux-cli"
version = "0.1.0"
dependencies = [
 "argparse 0.2.1 (registry+https://github.com/rust-lang/crates.io-index)",
 "glob 0.2.11 (registry+https://github.com/rust-lang/crates.io-index)",
]

[metadata]
"checksum argparse 0.2.1 (registry+https://github.com/rust-lang/crates.io-index)" = "37bb99f5e39ee8b23b6e227f5b8f024207e8616f44aa4b8c76ecd828011667ef"
"checksum glob 0.2.11 (registry+https://github.com/rust-lang/crates.io-index)" = "8be18de09a56b60ed0edf84bc9df007e30040691af7acd1c41874faac5895bfb"
